// !$*UTF8*$!
{
	archiveVersion = 1;
	classes = {
	};
	objectVersion = 51;
	objects = {

/* Begin PBXBuildFile section */
		09472F472560BE2400D94ED5 /* TableDetailViewController.swift in Sources */ = {isa = PBXBuildFile; fileRef = 09472F462560BE2400D94ED5 /* TableDetailViewController.swift */; };
		09472F582560F18300D94ED5 /* InputCalcItem.storyboard in Resources */ = {isa = PBXBuildFile; fileRef = 09472F572560F18300D94ED5 /* InputCalcItem.storyboard */; };
		09472F5E2560F8EF00D94ED5 /* Double - Extension.swift in Sources */ = {isa = PBXBuildFile; fileRef = 09472F5D2560F8EF00D94ED5 /* Double - Extension.swift */; };
		09472F632560FD4D00D94ED5 /* DoubleTests.swift in Sources */ = {isa = PBXBuildFile; fileRef = 09472F622560FD4D00D94ED5 /* DoubleTests.swift */; };
		09472F69256109AD00D94ED5 /* InputCalcItemViewController.swift in Sources */ = {isa = PBXBuildFile; fileRef = 09472F68256109AD00D94ED5 /* InputCalcItemViewController.swift */; };
		09472F8625616B8A00D94ED5 /* Realm - Extension.swift in Sources */ = {isa = PBXBuildFile; fileRef = 09472F8525616B8A00D94ED5 /* Realm - Extension.swift */; };
		09472F8B256170C300D94ED5 /* InputNewName.storyboard in Resources */ = {isa = PBXBuildFile; fileRef = 09472F8A256170C300D94ED5 /* InputNewName.storyboard */; };
		09472F90256174C900D94ED5 /* InputNewNameViewController.swift in Sources */ = {isa = PBXBuildFile; fileRef = 09472F8F256174C900D94ED5 /* InputNewNameViewController.swift */; };
		0947F9382557D70A00CA3C2D /* AppDelegate.swift in Sources */ = {isa = PBXBuildFile; fileRef = 0947F9372557D70A00CA3C2D /* AppDelegate.swift */; };
		0947F93A2557D70A00CA3C2D /* SceneDelegate.swift in Sources */ = {isa = PBXBuildFile; fileRef = 0947F9392557D70A00CA3C2D /* SceneDelegate.swift */; };
		0947F93F2557D70A00CA3C2D /* Main.storyboard in Resources */ = {isa = PBXBuildFile; fileRef = 0947F93D2557D70A00CA3C2D /* Main.storyboard */; };
		0947F9412557D70B00CA3C2D /* Assets.xcassets in Resources */ = {isa = PBXBuildFile; fileRef = 0947F9402557D70B00CA3C2D /* Assets.xcassets */; };
		0947F9442557D70B00CA3C2D /* LaunchScreen.storyboard in Resources */ = {isa = PBXBuildFile; fileRef = 0947F9422557D70B00CA3C2D /* LaunchScreen.storyboard */; };
		0947F94F2557D70C00CA3C2D /* SumCalculatorTests.swift in Sources */ = {isa = PBXBuildFile; fileRef = 0947F94E2557D70C00CA3C2D /* SumCalculatorTests.swift */; };
		0947F95A2557D70C00CA3C2D /* SumCalculatorUITests.swift in Sources */ = {isa = PBXBuildFile; fileRef = 0947F9592557D70C00CA3C2D /* SumCalculatorUITests.swift */; };
		0947F96E2557F1A600CA3C2D /* CalcItem.swift in Sources */ = {isa = PBXBuildFile; fileRef = 0947F96D2557F1A600CA3C2D /* CalcItem.swift */; };
		0947F9762558139A00CA3C2D /* CalcItemTests.swift in Sources */ = {isa = PBXBuildFile; fileRef = 0947F9752558139A00CA3C2D /* CalcItemTests.swift */; };
		0947F97B2558173F00CA3C2D /* CalcTable.swift in Sources */ = {isa = PBXBuildFile; fileRef = 0947F97A2558173F00CA3C2D /* CalcTable.swift */; };
		0947F98825581F5C00CA3C2D /* CalcTableTests.swift in Sources */ = {isa = PBXBuildFile; fileRef = 0947F98725581F5C00CA3C2D /* CalcTableTests.swift */; };
		0947F98D255836A700CA3C2D /* CalcNote.swift in Sources */ = {isa = PBXBuildFile; fileRef = 0947F98C255836A700CA3C2D /* CalcNote.swift */; };
		0947F9922558380D00CA3C2D /* CalcNoteTests.swift in Sources */ = {isa = PBXBuildFile; fileRef = 0947F9912558380D00CA3C2D /* CalcNoteTests.swift */; };
		094A0223255D4C9A0024B45A /* NoteDetailViewController.swift in Sources */ = {isa = PBXBuildFile; fileRef = 094A0222255D4C9A0024B45A /* NoteDetailViewController.swift */; };
		094A0228255E9E360024B45A /* NoteTableViewCell.xib in Resources */ = {isa = PBXBuildFile; fileRef = 094A0227255E9E360024B45A /* NoteTableViewCell.xib */; };
		095186F1256562BE00EAA820 /* InputCalculatorView.storyboard in Resources */ = {isa = PBXBuildFile; fileRef = 095186F0256562BE00EAA820 /* InputCalculatorView.storyboard */; };
		095186F6256563D500EAA820 /* InputCalculatorViewController.swift in Sources */ = {isa = PBXBuildFile; fileRef = 095186F5256563D500EAA820 /* InputCalculatorViewController.swift */; };
		0951870A256566ED00EAA820 /* CalculatorViewCell.swift in Sources */ = {isa = PBXBuildFile; fileRef = 09518709256566ED00EAA820 /* CalculatorViewCell.swift */; };
		0951870F2565683B00EAA820 /* String - Extension.swift in Sources */ = {isa = PBXBuildFile; fileRef = 0951870E2565683B00EAA820 /* String - Extension.swift */; };
		09703B7825595AD400375604 /* NoteListViewController.swift in Sources */ = {isa = PBXBuildFile; fileRef = 09703B7725595AD400375604 /* NoteListViewController.swift */; };
		09E43EE6255FC56300B8624A /* NoteTableViewCell.swift in Sources */ = {isa = PBXBuildFile; fileRef = 09E43EE5255FC56300B8624A /* NoteTableViewCell.swift */; };
		09E43EEE255FD87900B8624A /* CalcItemView.xib in Resources */ = {isa = PBXBuildFile; fileRef = 09E43EED255FD87900B8624A /* CalcItemView.xib */; };
		09E43EF3256015C800B8624A /* CalcItemView.swift in Sources */ = {isa = PBXBuildFile; fileRef = 09E43EF2256015C800B8624A /* CalcItemView.swift */; };
		1A1F09F308D27961E7E43C9B /* Pods_SumCalculator.framework in Frameworks */ = {isa = PBXBuildFile; fileRef = 9FE55605D1782AE495CBF613 /* Pods_SumCalculator.framework */; };
		A44580A01E1C5CA2E86B998D /* Pods_SumCalculator_SumCalculatorUITests.framework in Frameworks */ = {isa = PBXBuildFile; fileRef = 1E64D4BDDC58C9FC5ACB6692 /* Pods_SumCalculator_SumCalculatorUITests.framework */; };
		D729710DFBB604973BC71068 /* Pods_SumCalculatorTests.framework in Frameworks */ = {isa = PBXBuildFile; fileRef = C851BA532DABC1B9F2467A5D /* Pods_SumCalculatorTests.framework */; };
/* End PBXBuildFile section */

/* Begin PBXContainerItemProxy section */
		0947F94B2557D70C00CA3C2D /* PBXContainerItemProxy */ = {
			isa = PBXContainerItemProxy;
			containerPortal = 0947F92C2557D70A00CA3C2D /* Project object */;
			proxyType = 1;
			remoteGlobalIDString = 0947F9332557D70A00CA3C2D;
			remoteInfo = SumCalculator;
		};
		0947F9562557D70C00CA3C2D /* PBXContainerItemProxy */ = {
			isa = PBXContainerItemProxy;
			containerPortal = 0947F92C2557D70A00CA3C2D /* Project object */;
			proxyType = 1;
			remoteGlobalIDString = 0947F9332557D70A00CA3C2D;
			remoteInfo = SumCalculator;
		};
/* End PBXContainerItemProxy section */

/* Begin PBXFileReference section */
		09472F462560BE2400D94ED5 /* TableDetailViewController.swift */ = {isa = PBXFileReference; lastKnownFileType = sourcecode.swift; path = TableDetailViewController.swift; sourceTree = "<group>"; };
		09472F572560F18300D94ED5 /* InputCalcItem.storyboard */ = {isa = PBXFileReference; lastKnownFileType = file.storyboard; path = InputCalcItem.storyboard; sourceTree = "<group>"; };
		09472F5D2560F8EF00D94ED5 /* Double - Extension.swift */ = {isa = PBXFileReference; lastKnownFileType = sourcecode.swift; path = "Double - Extension.swift"; sourceTree = "<group>"; };
		09472F622560FD4D00D94ED5 /* DoubleTests.swift */ = {isa = PBXFileReference; lastKnownFileType = sourcecode.swift; path = DoubleTests.swift; sourceTree = "<group>"; };
		09472F68256109AD00D94ED5 /* InputCalcItemViewController.swift */ = {isa = PBXFileReference; lastKnownFileType = sourcecode.swift; path = InputCalcItemViewController.swift; sourceTree = "<group>"; };
		09472F8525616B8A00D94ED5 /* Realm - Extension.swift */ = {isa = PBXFileReference; lastKnownFileType = sourcecode.swift; path = "Realm - Extension.swift"; sourceTree = "<group>"; };
		09472F8A256170C300D94ED5 /* InputNewName.storyboard */ = {isa = PBXFileReference; lastKnownFileType = file.storyboard; path = InputNewName.storyboard; sourceTree = "<group>"; };
		09472F8F256174C900D94ED5 /* InputNewNameViewController.swift */ = {isa = PBXFileReference; lastKnownFileType = sourcecode.swift; path = InputNewNameViewController.swift; sourceTree = "<group>"; };
		0947F9342557D70A00CA3C2D /* SumCalculator.app */ = {isa = PBXFileReference; explicitFileType = wrapper.application; includeInIndex = 0; path = SumCalculator.app; sourceTree = BUILT_PRODUCTS_DIR; };
		0947F9372557D70A00CA3C2D /* AppDelegate.swift */ = {isa = PBXFileReference; lastKnownFileType = sourcecode.swift; path = AppDelegate.swift; sourceTree = "<group>"; };
		0947F9392557D70A00CA3C2D /* SceneDelegate.swift */ = {isa = PBXFileReference; lastKnownFileType = sourcecode.swift; path = SceneDelegate.swift; sourceTree = "<group>"; };
		0947F93E2557D70A00CA3C2D /* Base */ = {isa = PBXFileReference; lastKnownFileType = file.storyboard; name = Base; path = Base.lproj/Main.storyboard; sourceTree = "<group>"; };
		0947F9402557D70B00CA3C2D /* Assets.xcassets */ = {isa = PBXFileReference; lastKnownFileType = folder.assetcatalog; path = Assets.xcassets; sourceTree = "<group>"; };
		0947F9432557D70B00CA3C2D /* Base */ = {isa = PBXFileReference; lastKnownFileType = file.storyboard; name = Base; path = Base.lproj/LaunchScreen.storyboard; sourceTree = "<group>"; };
		0947F9452557D70B00CA3C2D /* Info.plist */ = {isa = PBXFileReference; lastKnownFileType = text.plist.xml; path = Info.plist; sourceTree = "<group>"; };
		0947F94A2557D70C00CA3C2D /* SumCalculatorTests.xctest */ = {isa = PBXFileReference; explicitFileType = wrapper.cfbundle; includeInIndex = 0; path = SumCalculatorTests.xctest; sourceTree = BUILT_PRODUCTS_DIR; };
		0947F94E2557D70C00CA3C2D /* SumCalculatorTests.swift */ = {isa = PBXFileReference; lastKnownFileType = sourcecode.swift; path = SumCalculatorTests.swift; sourceTree = "<group>"; };
		0947F9502557D70C00CA3C2D /* Info.plist */ = {isa = PBXFileReference; lastKnownFileType = text.plist.xml; path = Info.plist; sourceTree = "<group>"; };
		0947F9552557D70C00CA3C2D /* SumCalculatorUITests.xctest */ = {isa = PBXFileReference; explicitFileType = wrapper.cfbundle; includeInIndex = 0; path = SumCalculatorUITests.xctest; sourceTree = BUILT_PRODUCTS_DIR; };
		0947F9592557D70C00CA3C2D /* SumCalculatorUITests.swift */ = {isa = PBXFileReference; lastKnownFileType = sourcecode.swift; path = SumCalculatorUITests.swift; sourceTree = "<group>"; };
		0947F95B2557D70C00CA3C2D /* Info.plist */ = {isa = PBXFileReference; lastKnownFileType = text.plist.xml; path = Info.plist; sourceTree = "<group>"; };
		0947F96D2557F1A600CA3C2D /* CalcItem.swift */ = {isa = PBXFileReference; lastKnownFileType = sourcecode.swift; path = CalcItem.swift; sourceTree = "<group>"; };
		0947F9752558139A00CA3C2D /* CalcItemTests.swift */ = {isa = PBXFileReference; lastKnownFileType = sourcecode.swift; path = CalcItemTests.swift; sourceTree = "<group>"; };
		0947F97A2558173F00CA3C2D /* CalcTable.swift */ = {isa = PBXFileReference; lastKnownFileType = sourcecode.swift; path = CalcTable.swift; sourceTree = "<group>"; };
		0947F98725581F5C00CA3C2D /* CalcTableTests.swift */ = {isa = PBXFileReference; lastKnownFileType = sourcecode.swift; path = CalcTableTests.swift; sourceTree = "<group>"; };
		0947F98C255836A700CA3C2D /* CalcNote.swift */ = {isa = PBXFileReference; lastKnownFileType = sourcecode.swift; path = CalcNote.swift; sourceTree = "<group>"; };
		0947F9912558380D00CA3C2D /* CalcNoteTests.swift */ = {isa = PBXFileReference; lastKnownFileType = sourcecode.swift; path = CalcNoteTests.swift; sourceTree = "<group>"; };
		094A0222255D4C9A0024B45A /* NoteDetailViewController.swift */ = {isa = PBXFileReference; lastKnownFileType = sourcecode.swift; path = NoteDetailViewController.swift; sourceTree = "<group>"; };
		094A0227255E9E360024B45A /* NoteTableViewCell.xib */ = {isa = PBXFileReference; lastKnownFileType = file.xib; path = NoteTableViewCell.xib; sourceTree = "<group>"; };
		095186F0256562BE00EAA820 /* InputCalculatorView.storyboard */ = {isa = PBXFileReference; lastKnownFileType = file.storyboard; path = InputCalculatorView.storyboard; sourceTree = "<group>"; };
		095186F5256563D500EAA820 /* InputCalculatorViewController.swift */ = {isa = PBXFileReference; lastKnownFileType = sourcecode.swift; path = InputCalculatorViewController.swift; sourceTree = "<group>"; };
		09518709256566ED00EAA820 /* CalculatorViewCell.swift */ = {isa = PBXFileReference; lastKnownFileType = sourcecode.swift; path = CalculatorViewCell.swift; sourceTree = "<group>"; };
		0951870E2565683B00EAA820 /* String - Extension.swift */ = {isa = PBXFileReference; lastKnownFileType = sourcecode.swift; path = "String - Extension.swift"; sourceTree = "<group>"; };
		09703B7725595AD400375604 /* NoteListViewController.swift */ = {isa = PBXFileReference; lastKnownFileType = sourcecode.swift; path = NoteListViewController.swift; sourceTree = "<group>"; };
		09E43EE5255FC56300B8624A /* NoteTableViewCell.swift */ = {isa = PBXFileReference; lastKnownFileType = sourcecode.swift; path = NoteTableViewCell.swift; sourceTree = "<group>"; };
		09E43EED255FD87900B8624A /* CalcItemView.xib */ = {isa = PBXFileReference; lastKnownFileType = file.xib; path = CalcItemView.xib; sourceTree = "<group>"; };
		09E43EF2256015C800B8624A /* CalcItemView.swift */ = {isa = PBXFileReference; lastKnownFileType = sourcecode.swift; path = CalcItemView.swift; sourceTree = "<group>"; };
		0A17D1084FEBFD01FC12A1B3 /* Pods-SumCalculator.debug.xcconfig */ = {isa = PBXFileReference; includeInIndex = 1; lastKnownFileType = text.xcconfig; name = "Pods-SumCalculator.debug.xcconfig"; path = "Target Support Files/Pods-SumCalculator/Pods-SumCalculator.debug.xcconfig"; sourceTree = "<group>"; };
		1E64D4BDDC58C9FC5ACB6692 /* Pods_SumCalculator_SumCalculatorUITests.framework */ = {isa = PBXFileReference; explicitFileType = wrapper.framework; includeInIndex = 0; path = Pods_SumCalculator_SumCalculatorUITests.framework; sourceTree = BUILT_PRODUCTS_DIR; };
		22AAD8BDF3C45688D4A2B7C7 /* Pods-SumCalculatorTests.debug.xcconfig */ = {isa = PBXFileReference; includeInIndex = 1; lastKnownFileType = text.xcconfig; name = "Pods-SumCalculatorTests.debug.xcconfig"; path = "Target Support Files/Pods-SumCalculatorTests/Pods-SumCalculatorTests.debug.xcconfig"; sourceTree = "<group>"; };
		584EE139AD16FD3A8B8B174C /* Pods-SumCalculator-SumCalculatorUITests.debug.xcconfig */ = {isa = PBXFileReference; includeInIndex = 1; lastKnownFileType = text.xcconfig; name = "Pods-SumCalculator-SumCalculatorUITests.debug.xcconfig"; path = "Target Support Files/Pods-SumCalculator-SumCalculatorUITests/Pods-SumCalculator-SumCalculatorUITests.debug.xcconfig"; sourceTree = "<group>"; };
		8DF0EFB8BE219C5964989526 /* Pods-SumCalculator.release.xcconfig */ = {isa = PBXFileReference; includeInIndex = 1; lastKnownFileType = text.xcconfig; name = "Pods-SumCalculator.release.xcconfig"; path = "Target Support Files/Pods-SumCalculator/Pods-SumCalculator.release.xcconfig"; sourceTree = "<group>"; };
		9FE55605D1782AE495CBF613 /* Pods_SumCalculator.framework */ = {isa = PBXFileReference; explicitFileType = wrapper.framework; includeInIndex = 0; path = Pods_SumCalculator.framework; sourceTree = BUILT_PRODUCTS_DIR; };
		AEB2FDE786FE91FCF4A0C4FE /* Pods-SumCalculatorTests.release.xcconfig */ = {isa = PBXFileReference; includeInIndex = 1; lastKnownFileType = text.xcconfig; name = "Pods-SumCalculatorTests.release.xcconfig"; path = "Target Support Files/Pods-SumCalculatorTests/Pods-SumCalculatorTests.release.xcconfig"; sourceTree = "<group>"; };
		C851BA532DABC1B9F2467A5D /* Pods_SumCalculatorTests.framework */ = {isa = PBXFileReference; explicitFileType = wrapper.framework; includeInIndex = 0; path = Pods_SumCalculatorTests.framework; sourceTree = BUILT_PRODUCTS_DIR; };
		CFFE368D0D385DC17575E122 /* Pods-SumCalculator-SumCalculatorUITests.release.xcconfig */ = {isa = PBXFileReference; includeInIndex = 1; lastKnownFileType = text.xcconfig; name = "Pods-SumCalculator-SumCalculatorUITests.release.xcconfig"; path = "Target Support Files/Pods-SumCalculator-SumCalculatorUITests/Pods-SumCalculator-SumCalculatorUITests.release.xcconfig"; sourceTree = "<group>"; };
/* End PBXFileReference section */

/* Begin PBXFrameworksBuildPhase section */
		0947F9312557D70A00CA3C2D /* Frameworks */ = {
			isa = PBXFrameworksBuildPhase;
			buildActionMask = 2147483647;
			files = (
				1A1F09F308D27961E7E43C9B /* Pods_SumCalculator.framework in Frameworks */,
			);
			runOnlyForDeploymentPostprocessing = 0;
		};
		0947F9472557D70C00CA3C2D /* Frameworks */ = {
			isa = PBXFrameworksBuildPhase;
			buildActionMask = 2147483647;
			files = (
				D729710DFBB604973BC71068 /* Pods_SumCalculatorTests.framework in Frameworks */,
			);
			runOnlyForDeploymentPostprocessing = 0;
		};
		0947F9522557D70C00CA3C2D /* Frameworks */ = {
			isa = PBXFrameworksBuildPhase;
			buildActionMask = 2147483647;
			files = (
				A44580A01E1C5CA2E86B998D /* Pods_SumCalculator_SumCalculatorUITests.framework in Frameworks */,
			);
			runOnlyForDeploymentPostprocessing = 0;
		};
/* End PBXFrameworksBuildPhase section */

/* Begin PBXGroup section */
		09472F412560A0BD00D94ED5 /* NoteDetailView */ = {
			isa = PBXGroup;
			children = (
				094A0227255E9E360024B45A /* NoteTableViewCell.xib */,
				09E43EED255FD87900B8624A /* CalcItemView.xib */,
			);
			path = NoteDetailView;
			sourceTree = "<group>";
		};
		09472F452560BDC500D94ED5 /* TableDetailView */ = {
			isa = PBXGroup;
			children = (
				09472F462560BE2400D94ED5 /* TableDetailViewController.swift */,
			);
			path = TableDetailView;
			sourceTree = "<group>";
		};
		09472F5C2560F8CF00D94ED5 /* Extensions */ = {
			isa = PBXGroup;
			children = (
				09472F5D2560F8EF00D94ED5 /* Double - Extension.swift */,
				09472F8525616B8A00D94ED5 /* Realm - Extension.swift */,
				0951870E2565683B00EAA820 /* String - Extension.swift */,
			);
			path = Extensions;
			sourceTree = "<group>";
		};
		0947F92B2557D70A00CA3C2D = {
			isa = PBXGroup;
			children = (
				0947F9362557D70A00CA3C2D /* SumCalculator */,
				0947F94D2557D70C00CA3C2D /* SumCalculatorTests */,
				0947F9582557D70C00CA3C2D /* SumCalculatorUITests */,
				0947F9352557D70A00CA3C2D /* Products */,
				AA955A6D7DC9002343517D44 /* Pods */,
				5A2D661119DA76D87F2749A3 /* Frameworks */,
			);
			sourceTree = "<group>";
		};
		0947F9352557D70A00CA3C2D /* Products */ = {
			isa = PBXGroup;
			children = (
				0947F9342557D70A00CA3C2D /* SumCalculator.app */,
				0947F94A2557D70C00CA3C2D /* SumCalculatorTests.xctest */,
				0947F9552557D70C00CA3C2D /* SumCalculatorUITests.xctest */,
			);
			name = Products;
			sourceTree = "<group>";
		};
		0947F9362557D70A00CA3C2D /* SumCalculator */ = {
			isa = PBXGroup;
			children = (
				0947F96A2557F01F00CA3C2D /* Model */,
				0947F96B2557F10E00CA3C2D /* View */,
				0947F96C2557F11800CA3C2D /* Controller */,
				0947F9402557D70B00CA3C2D /* Assets.xcassets */,
				0947F9452557D70B00CA3C2D /* Info.plist */,
				09472F5C2560F8CF00D94ED5 /* Extensions */,
			);
			path = SumCalculator;
			sourceTree = "<group>";
		};
		0947F94D2557D70C00CA3C2D /* SumCalculatorTests */ = {
			isa = PBXGroup;
			children = (
				0947F94E2557D70C00CA3C2D /* SumCalculatorTests.swift */,
				0947F9752558139A00CA3C2D /* CalcItemTests.swift */,
				0947F98725581F5C00CA3C2D /* CalcTableTests.swift */,
				0947F9912558380D00CA3C2D /* CalcNoteTests.swift */,
				09472F622560FD4D00D94ED5 /* DoubleTests.swift */,
				0947F9502557D70C00CA3C2D /* Info.plist */,
			);
			path = SumCalculatorTests;
			sourceTree = "<group>";
		};
		0947F9582557D70C00CA3C2D /* SumCalculatorUITests */ = {
			isa = PBXGroup;
			children = (
				0947F9592557D70C00CA3C2D /* SumCalculatorUITests.swift */,
				0947F95B2557D70C00CA3C2D /* Info.plist */,
			);
			path = SumCalculatorUITests;
			sourceTree = "<group>";
		};
		0947F96A2557F01F00CA3C2D /* Model */ = {
			isa = PBXGroup;
			children = (
				0947F96D2557F1A600CA3C2D /* CalcItem.swift */,
				0947F97A2558173F00CA3C2D /* CalcTable.swift */,
				0947F98C255836A700CA3C2D /* CalcNote.swift */,
			);
			path = Model;
			sourceTree = "<group>";
		};
		0947F96B2557F10E00CA3C2D /* View */ = {
			isa = PBXGroup;
			children = (
				0947F93D2557D70A00CA3C2D /* Main.storyboard */,
				0947F9422557D70B00CA3C2D /* LaunchScreen.storyboard */,
				09472F412560A0BD00D94ED5 /* NoteDetailView */,
				095186EE2565620000EAA820 /* Inputs */,
			);
			path = View;
			sourceTree = "<group>";
		};
		0947F96C2557F11800CA3C2D /* Controller */ = {
			isa = PBXGroup;
			children = (
				0947F9372557D70A00CA3C2D /* AppDelegate.swift */,
				0947F9392557D70A00CA3C2D /* SceneDelegate.swift */,
				09703B7725595AD400375604 /* NoteListViewController.swift */,
				094A022C255EA1200024B45A /* NoteDetailView */,
				09472F452560BDC500D94ED5 /* TableDetailView */,
				095186EF2565626100EAA820 /* Inputs */,
			);
			path = Controller;
			sourceTree = "<group>";
		};
		094A022C255EA1200024B45A /* NoteDetailView */ = {
			isa = PBXGroup;
			children = (
				094A0222255D4C9A0024B45A /* NoteDetailViewController.swift */,
				09E43EE5255FC56300B8624A /* NoteTableViewCell.swift */,
				09E43EF2256015C800B8624A /* CalcItemView.swift */,
			);
			path = NoteDetailView;
			sourceTree = "<group>";
		};
		095186EE2565620000EAA820 /* Inputs */ = {
			isa = PBXGroup;
			children = (
				09472F8A256170C300D94ED5 /* InputNewName.storyboard */,
				09472F572560F18300D94ED5 /* InputCalcItem.storyboard */,
				095186F0256562BE00EAA820 /* InputCalculatorView.storyboard */,
			);
			path = Inputs;
			sourceTree = "<group>";
		};
		095186EF2565626100EAA820 /* Inputs */ = {
			isa = PBXGroup;
			children = (
				09472F8F256174C900D94ED5 /* InputNewNameViewController.swift */,
				09472F68256109AD00D94ED5 /* InputCalcItemViewController.swift */,
				095186F5256563D500EAA820 /* InputCalculatorViewController.swift */,
				09518709256566ED00EAA820 /* CalculatorViewCell.swift */,
			);
			path = Inputs;
			sourceTree = "<group>";
		};
		5A2D661119DA76D87F2749A3 /* Frameworks */ = {
			isa = PBXGroup;
			children = (
				9FE55605D1782AE495CBF613 /* Pods_SumCalculator.framework */,
				1E64D4BDDC58C9FC5ACB6692 /* Pods_SumCalculator_SumCalculatorUITests.framework */,
				C851BA532DABC1B9F2467A5D /* Pods_SumCalculatorTests.framework */,
			);
			name = Frameworks;
			sourceTree = "<group>";
		};
		AA955A6D7DC9002343517D44 /* Pods */ = {
			isa = PBXGroup;
			children = (
				0A17D1084FEBFD01FC12A1B3 /* Pods-SumCalculator.debug.xcconfig */,
				8DF0EFB8BE219C5964989526 /* Pods-SumCalculator.release.xcconfig */,
				584EE139AD16FD3A8B8B174C /* Pods-SumCalculator-SumCalculatorUITests.debug.xcconfig */,
				CFFE368D0D385DC17575E122 /* Pods-SumCalculator-SumCalculatorUITests.release.xcconfig */,
				22AAD8BDF3C45688D4A2B7C7 /* Pods-SumCalculatorTests.debug.xcconfig */,
				AEB2FDE786FE91FCF4A0C4FE /* Pods-SumCalculatorTests.release.xcconfig */,
			);
			path = Pods;
			sourceTree = "<group>";
		};
/* End PBXGroup section */

/* Begin PBXNativeTarget section */
		0947F9332557D70A00CA3C2D /* SumCalculator */ = {
			isa = PBXNativeTarget;
			buildConfigurationList = 0947F95E2557D70C00CA3C2D /* Build configuration list for PBXNativeTarget "SumCalculator" */;
			buildPhases = (
				2F6EE05AF78C3FEF542C421F /* [CP] Check Pods Manifest.lock */,
				0947F9302557D70A00CA3C2D /* Sources */,
				0947F9312557D70A00CA3C2D /* Frameworks */,
				0947F9322557D70A00CA3C2D /* Resources */,
				8DE15DFC7129F34AFC82EE10 /* [CP] Embed Pods Frameworks */,
			);
			buildRules = (
			);
			dependencies = (
			);
			name = SumCalculator;
			productName = SumCalculator;
			productReference = 0947F9342557D70A00CA3C2D /* SumCalculator.app */;
			productType = "com.apple.product-type.application";
		};
		0947F9492557D70C00CA3C2D /* SumCalculatorTests */ = {
			isa = PBXNativeTarget;
			buildConfigurationList = 0947F9612557D70C00CA3C2D /* Build configuration list for PBXNativeTarget "SumCalculatorTests" */;
			buildPhases = (
				0B76E0D02F60C1E68AB07DE8 /* [CP] Check Pods Manifest.lock */,
				0947F9462557D70C00CA3C2D /* Sources */,
				0947F9472557D70C00CA3C2D /* Frameworks */,
				0947F9482557D70C00CA3C2D /* Resources */,
			);
			buildRules = (
			);
			dependencies = (
				0947F94C2557D70C00CA3C2D /* PBXTargetDependency */,
			);
			name = SumCalculatorTests;
			productName = SumCalculatorTests;
			productReference = 0947F94A2557D70C00CA3C2D /* SumCalculatorTests.xctest */;
			productType = "com.apple.product-type.bundle.unit-test";
		};
		0947F9542557D70C00CA3C2D /* SumCalculatorUITests */ = {
			isa = PBXNativeTarget;
			buildConfigurationList = 0947F9642557D70C00CA3C2D /* Build configuration list for PBXNativeTarget "SumCalculatorUITests" */;
			buildPhases = (
				7F62B13641F3C8257D488B8C /* [CP] Check Pods Manifest.lock */,
				0947F9512557D70C00CA3C2D /* Sources */,
				0947F9522557D70C00CA3C2D /* Frameworks */,
				0947F9532557D70C00CA3C2D /* Resources */,
				C5C746E861417F68C5B4D13C /* [CP] Embed Pods Frameworks */,
			);
			buildRules = (
			);
			dependencies = (
				0947F9572557D70C00CA3C2D /* PBXTargetDependency */,
			);
			name = SumCalculatorUITests;
			productName = SumCalculatorUITests;
			productReference = 0947F9552557D70C00CA3C2D /* SumCalculatorUITests.xctest */;
			productType = "com.apple.product-type.bundle.ui-testing";
		};
/* End PBXNativeTarget section */

/* Begin PBXProject section */
		0947F92C2557D70A00CA3C2D /* Project object */ = {
			isa = PBXProject;
			attributes = {
				LastSwiftUpdateCheck = 1210;
				LastUpgradeCheck = 1210;
				TargetAttributes = {
					0947F9332557D70A00CA3C2D = {
						CreatedOnToolsVersion = 12.1;
					};
					0947F9492557D70C00CA3C2D = {
						CreatedOnToolsVersion = 12.1;
						TestTargetID = 0947F9332557D70A00CA3C2D;
					};
					0947F9542557D70C00CA3C2D = {
						CreatedOnToolsVersion = 12.1;
						TestTargetID = 0947F9332557D70A00CA3C2D;
					};
				};
			};
			buildConfigurationList = 0947F92F2557D70A00CA3C2D /* Build configuration list for PBXProject "SumCalculator" */;
			compatibilityVersion = "Xcode 9.3";
			developmentRegion = en;
			hasScannedForEncodings = 0;
			knownRegions = (
				en,
				Base,
			);
			mainGroup = 0947F92B2557D70A00CA3C2D;
			productRefGroup = 0947F9352557D70A00CA3C2D /* Products */;
			projectDirPath = "";
			projectRoot = "";
			targets = (
				0947F9332557D70A00CA3C2D /* SumCalculator */,
				0947F9492557D70C00CA3C2D /* SumCalculatorTests */,
				0947F9542557D70C00CA3C2D /* SumCalculatorUITests */,
			);
		};
/* End PBXProject section */

/* Begin PBXResourcesBuildPhase section */
		0947F9322557D70A00CA3C2D /* Resources */ = {
			isa = PBXResourcesBuildPhase;
			buildActionMask = 2147483647;
			files = (
				0947F9442557D70B00CA3C2D /* LaunchScreen.storyboard in Resources */,
				09472F582560F18300D94ED5 /* InputCalcItem.storyboard in Resources */,
				095186F1256562BE00EAA820 /* InputCalculatorView.storyboard in Resources */,
				09E43EEE255FD87900B8624A /* CalcItemView.xib in Resources */,
				0947F9412557D70B00CA3C2D /* Assets.xcassets in Resources */,
				0947F93F2557D70A00CA3C2D /* Main.storyboard in Resources */,
				09472F8B256170C300D94ED5 /* InputNewName.storyboard in Resources */,
				094A0228255E9E360024B45A /* NoteTableViewCell.xib in Resources */,
			);
			runOnlyForDeploymentPostprocessing = 0;
		};
		0947F9482557D70C00CA3C2D /* Resources */ = {
			isa = PBXResourcesBuildPhase;
			buildActionMask = 2147483647;
			files = (
			);
			runOnlyForDeploymentPostprocessing = 0;
		};
		0947F9532557D70C00CA3C2D /* Resources */ = {
			isa = PBXResourcesBuildPhase;
			buildActionMask = 2147483647;
			files = (
			);
			runOnlyForDeploymentPostprocessing = 0;
		};
/* End PBXResourcesBuildPhase section */

/* Begin PBXShellScriptBuildPhase section */
		0B76E0D02F60C1E68AB07DE8 /* [CP] Check Pods Manifest.lock */ = {
			isa = PBXShellScriptBuildPhase;
			buildActionMask = 2147483647;
			files = (
			);
			inputFileListPaths = (
			);
			inputPaths = (
				"${PODS_PODFILE_DIR_PATH}/Podfile.lock",
				"${PODS_ROOT}/Manifest.lock",
			);
			name = "[CP] Check Pods Manifest.lock";
			outputFileListPaths = (
			);
			outputPaths = (
				"$(DERIVED_FILE_DIR)/Pods-SumCalculatorTests-checkManifestLockResult.txt",
			);
			runOnlyForDeploymentPostprocessing = 0;
			shellPath = /bin/sh;
			shellScript = "diff \"${PODS_PODFILE_DIR_PATH}/Podfile.lock\" \"${PODS_ROOT}/Manifest.lock\" > /dev/null\nif [ $? != 0 ] ; then\n    # print error to STDERR\n    echo \"error: The sandbox is not in sync with the Podfile.lock. Run 'pod install' or update your CocoaPods installation.\" >&2\n    exit 1\nfi\n# This output is used by Xcode 'outputs' to avoid re-running this script phase.\necho \"SUCCESS\" > \"${SCRIPT_OUTPUT_FILE_0}\"\n";
			showEnvVarsInLog = 0;
		};
		2F6EE05AF78C3FEF542C421F /* [CP] Check Pods Manifest.lock */ = {
			isa = PBXShellScriptBuildPhase;
			buildActionMask = 2147483647;
			files = (
			);
			inputFileListPaths = (
			);
			inputPaths = (
				"${PODS_PODFILE_DIR_PATH}/Podfile.lock",
				"${PODS_ROOT}/Manifest.lock",
			);
			name = "[CP] Check Pods Manifest.lock";
			outputFileListPaths = (
			);
			outputPaths = (
				"$(DERIVED_FILE_DIR)/Pods-SumCalculator-checkManifestLockResult.txt",
			);
			runOnlyForDeploymentPostprocessing = 0;
			shellPath = /bin/sh;
			shellScript = "diff \"${PODS_PODFILE_DIR_PATH}/Podfile.lock\" \"${PODS_ROOT}/Manifest.lock\" > /dev/null\nif [ $? != 0 ] ; then\n    # print error to STDERR\n    echo \"error: The sandbox is not in sync with the Podfile.lock. Run 'pod install' or update your CocoaPods installation.\" >&2\n    exit 1\nfi\n# This output is used by Xcode 'outputs' to avoid re-running this script phase.\necho \"SUCCESS\" > \"${SCRIPT_OUTPUT_FILE_0}\"\n";
			showEnvVarsInLog = 0;
		};
		7F62B13641F3C8257D488B8C /* [CP] Check Pods Manifest.lock */ = {
			isa = PBXShellScriptBuildPhase;
			buildActionMask = 2147483647;
			files = (
			);
			inputFileListPaths = (
			);
			inputPaths = (
				"${PODS_PODFILE_DIR_PATH}/Podfile.lock",
				"${PODS_ROOT}/Manifest.lock",
			);
			name = "[CP] Check Pods Manifest.lock";
			outputFileListPaths = (
			);
			outputPaths = (
				"$(DERIVED_FILE_DIR)/Pods-SumCalculator-SumCalculatorUITests-checkManifestLockResult.txt",
			);
			runOnlyForDeploymentPostprocessing = 0;
			shellPath = /bin/sh;
			shellScript = "diff \"${PODS_PODFILE_DIR_PATH}/Podfile.lock\" \"${PODS_ROOT}/Manifest.lock\" > /dev/null\nif [ $? != 0 ] ; then\n    # print error to STDERR\n    echo \"error: The sandbox is not in sync with the Podfile.lock. Run 'pod install' or update your CocoaPods installation.\" >&2\n    exit 1\nfi\n# This output is used by Xcode 'outputs' to avoid re-running this script phase.\necho \"SUCCESS\" > \"${SCRIPT_OUTPUT_FILE_0}\"\n";
			showEnvVarsInLog = 0;
		};
		8DE15DFC7129F34AFC82EE10 /* [CP] Embed Pods Frameworks */ = {
			isa = PBXShellScriptBuildPhase;
			buildActionMask = 2147483647;
			files = (
			);
			inputFileListPaths = (
				"${PODS_ROOT}/Target Support Files/Pods-SumCalculator/Pods-SumCalculator-frameworks-${CONFIGURATION}-input-files.xcfilelist",
			);
			name = "[CP] Embed Pods Frameworks";
			outputFileListPaths = (
				"${PODS_ROOT}/Target Support Files/Pods-SumCalculator/Pods-SumCalculator-frameworks-${CONFIGURATION}-output-files.xcfilelist",
			);
			runOnlyForDeploymentPostprocessing = 0;
			shellPath = /bin/sh;
			shellScript = "\"${PODS_ROOT}/Target Support Files/Pods-SumCalculator/Pods-SumCalculator-frameworks.sh\"\n";
			showEnvVarsInLog = 0;
		};
		C5C746E861417F68C5B4D13C /* [CP] Embed Pods Frameworks */ = {
			isa = PBXShellScriptBuildPhase;
			buildActionMask = 2147483647;
			files = (
			);
			inputFileListPaths = (
				"${PODS_ROOT}/Target Support Files/Pods-SumCalculator-SumCalculatorUITests/Pods-SumCalculator-SumCalculatorUITests-frameworks-${CONFIGURATION}-input-files.xcfilelist",
			);
			name = "[CP] Embed Pods Frameworks";
			outputFileListPaths = (
				"${PODS_ROOT}/Target Support Files/Pods-SumCalculator-SumCalculatorUITests/Pods-SumCalculator-SumCalculatorUITests-frameworks-${CONFIGURATION}-output-files.xcfilelist",
			);
			runOnlyForDeploymentPostprocessing = 0;
			shellPath = /bin/sh;
			shellScript = "\"${PODS_ROOT}/Target Support Files/Pods-SumCalculator-SumCalculatorUITests/Pods-SumCalculator-SumCalculatorUITests-frameworks.sh\"\n";
			showEnvVarsInLog = 0;
		};
/* End PBXShellScriptBuildPhase section */

/* Begin PBXSourcesBuildPhase section */
		0947F9302557D70A00CA3C2D /* Sources */ = {
			isa = PBXSourcesBuildPhase;
			buildActionMask = 2147483647;
			files = (
				0951870F2565683B00EAA820 /* String - Extension.swift in Sources */,
				0947F98D255836A700CA3C2D /* CalcNote.swift in Sources */,
				094A0223255D4C9A0024B45A /* NoteDetailViewController.swift in Sources */,
				0947F97B2558173F00CA3C2D /* CalcTable.swift in Sources */,
				09472F8625616B8A00D94ED5 /* Realm - Extension.swift in Sources */,
				09472F69256109AD00D94ED5 /* InputCalcItemViewController.swift in Sources */,
				09472F5E2560F8EF00D94ED5 /* Double - Extension.swift in Sources */,
				09E43EE6255FC56300B8624A /* NoteTableViewCell.swift in Sources */,
				09703B7825595AD400375604 /* NoteListViewController.swift in Sources */,
				0951870A256566ED00EAA820 /* CalculatorViewCell.swift in Sources */,
				0947F9382557D70A00CA3C2D /* AppDelegate.swift in Sources */,
				095186F6256563D500EAA820 /* InputCalculatorViewController.swift in Sources */,
				09472F472560BE2400D94ED5 /* TableDetailViewController.swift in Sources */,
				09E43EF3256015C800B8624A /* CalcItemView.swift in Sources */,
				0947F93A2557D70A00CA3C2D /* SceneDelegate.swift in Sources */,
				09472F90256174C900D94ED5 /* InputNewNameViewController.swift in Sources */,
				0947F96E2557F1A600CA3C2D /* CalcItem.swift in Sources */,
			);
			runOnlyForDeploymentPostprocessing = 0;
		};
		0947F9462557D70C00CA3C2D /* Sources */ = {
			isa = PBXSourcesBuildPhase;
			buildActionMask = 2147483647;
			files = (
				0947F94F2557D70C00CA3C2D /* SumCalculatorTests.swift in Sources */,
				0947F98825581F5C00CA3C2D /* CalcTableTests.swift in Sources */,
				0947F9922558380D00CA3C2D /* CalcNoteTests.swift in Sources */,
				0947F9762558139A00CA3C2D /* CalcItemTests.swift in Sources */,
				09472F632560FD4D00D94ED5 /* DoubleTests.swift in Sources */,
			);
			runOnlyForDeploymentPostprocessing = 0;
		};
		0947F9512557D70C00CA3C2D /* Sources */ = {
			isa = PBXSourcesBuildPhase;
			buildActionMask = 2147483647;
			files = (
				0947F95A2557D70C00CA3C2D /* SumCalculatorUITests.swift in Sources */,
			);
			runOnlyForDeploymentPostprocessing = 0;
		};
/* End PBXSourcesBuildPhase section */

/* Begin PBXTargetDependency section */
		0947F94C2557D70C00CA3C2D /* PBXTargetDependency */ = {
			isa = PBXTargetDependency;
			target = 0947F9332557D70A00CA3C2D /* SumCalculator */;
			targetProxy = 0947F94B2557D70C00CA3C2D /* PBXContainerItemProxy */;
		};
		0947F9572557D70C00CA3C2D /* PBXTargetDependency */ = {
			isa = PBXTargetDependency;
			target = 0947F9332557D70A00CA3C2D /* SumCalculator */;
			targetProxy = 0947F9562557D70C00CA3C2D /* PBXContainerItemProxy */;
		};
/* End PBXTargetDependency section */

/* Begin PBXVariantGroup section */
		0947F93D2557D70A00CA3C2D /* Main.storyboard */ = {
			isa = PBXVariantGroup;
			children = (
				0947F93E2557D70A00CA3C2D /* Base */,
			);
			name = Main.storyboard;
			sourceTree = "<group>";
		};
		0947F9422557D70B00CA3C2D /* LaunchScreen.storyboard */ = {
			isa = PBXVariantGroup;
			children = (
				0947F9432557D70B00CA3C2D /* Base */,
			);
			name = LaunchScreen.storyboard;
			sourceTree = "<group>";
		};
/* End PBXVariantGroup section */

/* Begin XCBuildConfiguration section */
		0947F95C2557D70C00CA3C2D /* Debug */ = {
			isa = XCBuildConfiguration;
			buildSettings = {
				ALWAYS_SEARCH_USER_PATHS = NO;
				CLANG_ANALYZER_NONNULL = YES;
				CLANG_ANALYZER_NUMBER_OBJECT_CONVERSION = YES_AGGRESSIVE;
				CLANG_CXX_LANGUAGE_STANDARD = "gnu++14";
				CLANG_CXX_LIBRARY = "libc++";
				CLANG_ENABLE_MODULES = YES;
				CLANG_ENABLE_OBJC_ARC = YES;
				CLANG_ENABLE_OBJC_WEAK = YES;
				CLANG_WARN_BLOCK_CAPTURE_AUTORELEASING = YES;
				CLANG_WARN_BOOL_CONVERSION = YES;
				CLANG_WARN_COMMA = YES;
				CLANG_WARN_CONSTANT_CONVERSION = YES;
				CLANG_WARN_DEPRECATED_OBJC_IMPLEMENTATIONS = YES;
				CLANG_WARN_DIRECT_OBJC_ISA_USAGE = YES_ERROR;
				CLANG_WARN_DOCUMENTATION_COMMENTS = YES;
				CLANG_WARN_EMPTY_BODY = YES;
				CLANG_WARN_ENUM_CONVERSION = YES;
				CLANG_WARN_INFINITE_RECURSION = YES;
				CLANG_WARN_INT_CONVERSION = YES;
				CLANG_WARN_NON_LITERAL_NULL_CONVERSION = YES;
				CLANG_WARN_OBJC_IMPLICIT_RETAIN_SELF = YES;
				CLANG_WARN_OBJC_LITERAL_CONVERSION = YES;
				CLANG_WARN_OBJC_ROOT_CLASS = YES_ERROR;
				CLANG_WARN_QUOTED_INCLUDE_IN_FRAMEWORK_HEADER = YES;
				CLANG_WARN_RANGE_LOOP_ANALYSIS = YES;
				CLANG_WARN_STRICT_PROTOTYPES = YES;
				CLANG_WARN_SUSPICIOUS_MOVE = YES;
				CLANG_WARN_UNGUARDED_AVAILABILITY = YES_AGGRESSIVE;
				CLANG_WARN_UNREACHABLE_CODE = YES;
				CLANG_WARN__DUPLICATE_METHOD_MATCH = YES;
				COPY_PHASE_STRIP = NO;
				DEBUG_INFORMATION_FORMAT = dwarf;
				ENABLE_STRICT_OBJC_MSGSEND = YES;
				ENABLE_TESTABILITY = YES;
				GCC_C_LANGUAGE_STANDARD = gnu11;
				GCC_DYNAMIC_NO_PIC = NO;
				GCC_NO_COMMON_BLOCKS = YES;
				GCC_OPTIMIZATION_LEVEL = 0;
				GCC_PREPROCESSOR_DEFINITIONS = (
					"DEBUG=1",
					"$(inherited)",
				);
				GCC_WARN_64_TO_32_BIT_CONVERSION = YES;
				GCC_WARN_ABOUT_RETURN_TYPE = YES_ERROR;
				GCC_WARN_UNDECLARED_SELECTOR = YES;
				GCC_WARN_UNINITIALIZED_AUTOS = YES_AGGRESSIVE;
				GCC_WARN_UNUSED_FUNCTION = YES;
				GCC_WARN_UNUSED_VARIABLE = YES;
				IPHONEOS_DEPLOYMENT_TARGET = 13.0;
				MTL_ENABLE_DEBUG_INFO = INCLUDE_SOURCE;
				MTL_FAST_MATH = YES;
				ONLY_ACTIVE_ARCH = YES;
				SDKROOT = iphoneos;
				SWIFT_ACTIVE_COMPILATION_CONDITIONS = DEBUG;
				SWIFT_OPTIMIZATION_LEVEL = "-Onone";
			};
			name = Debug;
		};
		0947F95D2557D70C00CA3C2D /* Release */ = {
			isa = XCBuildConfiguration;
			buildSettings = {
				ALWAYS_SEARCH_USER_PATHS = NO;
				CLANG_ANALYZER_NONNULL = YES;
				CLANG_ANALYZER_NUMBER_OBJECT_CONVERSION = YES_AGGRESSIVE;
				CLANG_CXX_LANGUAGE_STANDARD = "gnu++14";
				CLANG_CXX_LIBRARY = "libc++";
				CLANG_ENABLE_MODULES = YES;
				CLANG_ENABLE_OBJC_ARC = YES;
				CLANG_ENABLE_OBJC_WEAK = YES;
				CLANG_WARN_BLOCK_CAPTURE_AUTORELEASING = YES;
				CLANG_WARN_BOOL_CONVERSION = YES;
				CLANG_WARN_COMMA = YES;
				CLANG_WARN_CONSTANT_CONVERSION = YES;
				CLANG_WARN_DEPRECATED_OBJC_IMPLEMENTATIONS = YES;
				CLANG_WARN_DIRECT_OBJC_ISA_USAGE = YES_ERROR;
				CLANG_WARN_DOCUMENTATION_COMMENTS = YES;
				CLANG_WARN_EMPTY_BODY = YES;
				CLANG_WARN_ENUM_CONVERSION = YES;
				CLANG_WARN_INFINITE_RECURSION = YES;
				CLANG_WARN_INT_CONVERSION = YES;
				CLANG_WARN_NON_LITERAL_NULL_CONVERSION = YES;
				CLANG_WARN_OBJC_IMPLICIT_RETAIN_SELF = YES;
				CLANG_WARN_OBJC_LITERAL_CONVERSION = YES;
				CLANG_WARN_OBJC_ROOT_CLASS = YES_ERROR;
				CLANG_WARN_QUOTED_INCLUDE_IN_FRAMEWORK_HEADER = YES;
				CLANG_WARN_RANGE_LOOP_ANALYSIS = YES;
				CLANG_WARN_STRICT_PROTOTYPES = YES;
				CLANG_WARN_SUSPICIOUS_MOVE = YES;
				CLANG_WARN_UNGUARDED_AVAILABILITY = YES_AGGRESSIVE;
				CLANG_WARN_UNREACHABLE_CODE = YES;
				CLANG_WARN__DUPLICATE_METHOD_MATCH = YES;
				COPY_PHASE_STRIP = NO;
				DEBUG_INFORMATION_FORMAT = "dwarf-with-dsym";
				ENABLE_NS_ASSERTIONS = NO;
				ENABLE_STRICT_OBJC_MSGSEND = YES;
				GCC_C_LANGUAGE_STANDARD = gnu11;
				GCC_NO_COMMON_BLOCKS = YES;
				GCC_WARN_64_TO_32_BIT_CONVERSION = YES;
				GCC_WARN_ABOUT_RETURN_TYPE = YES_ERROR;
				GCC_WARN_UNDECLARED_SELECTOR = YES;
				GCC_WARN_UNINITIALIZED_AUTOS = YES_AGGRESSIVE;
				GCC_WARN_UNUSED_FUNCTION = YES;
				GCC_WARN_UNUSED_VARIABLE = YES;
				IPHONEOS_DEPLOYMENT_TARGET = 13.0;
				MTL_ENABLE_DEBUG_INFO = NO;
				MTL_FAST_MATH = YES;
				SDKROOT = iphoneos;
				SWIFT_COMPILATION_MODE = wholemodule;
				SWIFT_OPTIMIZATION_LEVEL = "-O";
				VALIDATE_PRODUCT = YES;
			};
			name = Release;
		};
		0947F95F2557D70C00CA3C2D /* Debug */ = {
			isa = XCBuildConfiguration;
			baseConfigurationReference = 0A17D1084FEBFD01FC12A1B3 /* Pods-SumCalculator.debug.xcconfig */;
			buildSettings = {
				ASSETCATALOG_COMPILER_APPICON_NAME = AppIcon;
				ASSETCATALOG_COMPILER_GLOBAL_ACCENT_COLOR_NAME = AccentColor;
				CODE_SIGN_STYLE = Automatic;
				DEVELOPMENT_TEAM = 58F4SK879Y;
				INFOPLIST_FILE = SumCalculator/Info.plist;
				LD_RUNPATH_SEARCH_PATHS = (
					"$(inherited)",
					"@executable_path/Frameworks",
				);
				PRODUCT_BUNDLE_IDENTIFIER = terry.SumCalculator;
				PRODUCT_NAME = "$(TARGET_NAME)";
				SWIFT_VERSION = 5.0;
				TARGETED_DEVICE_FAMILY = 1;
			};
			name = Debug;
		};
		0947F9602557D70C00CA3C2D /* Release */ = {
			isa = XCBuildConfiguration;
			baseConfigurationReference = 8DF0EFB8BE219C5964989526 /* Pods-SumCalculator.release.xcconfig */;
			buildSettings = {
				ASSETCATALOG_COMPILER_APPICON_NAME = AppIcon;
				ASSETCATALOG_COMPILER_GLOBAL_ACCENT_COLOR_NAME = AccentColor;
				CODE_SIGN_STYLE = Automatic;
				DEVELOPMENT_TEAM = 58F4SK879Y;
				INFOPLIST_FILE = SumCalculator/Info.plist;
				LD_RUNPATH_SEARCH_PATHS = (
					"$(inherited)",
					"@executable_path/Frameworks",
				);
				PRODUCT_BUNDLE_IDENTIFIER = terry.SumCalculator;
				PRODUCT_NAME = "$(TARGET_NAME)";
				SWIFT_VERSION = 5.0;
				TARGETED_DEVICE_FAMILY = 1;
			};
			name = Release;
		};
		0947F9622557D70C00CA3C2D /* Debug */ = {
			isa = XCBuildConfiguration;
			baseConfigurationReference = 22AAD8BDF3C45688D4A2B7C7 /* Pods-SumCalculatorTests.debug.xcconfig */;
			buildSettings = {
				ALWAYS_EMBED_SWIFT_STANDARD_LIBRARIES = YES;
				BUNDLE_LOADER = "$(TEST_HOST)";
				CODE_SIGN_STYLE = Automatic;
				DEVELOPMENT_TEAM = 58F4SK879Y;
				INFOPLIST_FILE = SumCalculatorTests/Info.plist;
				IPHONEOS_DEPLOYMENT_TARGET = 14.1;
				LD_RUNPATH_SEARCH_PATHS = (
					"$(inherited)",
					"@executable_path/Frameworks",
					"@loader_path/Frameworks",
				);
				PRODUCT_BUNDLE_IDENTIFIER = terry.SumCalculatorTests;
				PRODUCT_NAME = "$(TARGET_NAME)";
				SWIFT_VERSION = 5.0;
				TARGETED_DEVICE_FAMILY = "1,2";
				TEST_HOST = "$(BUILT_PRODUCTS_DIR)/SumCalculator.app/SumCalculator";
			};
			name = Debug;
		};
		0947F9632557D70C00CA3C2D /* Release */ = {
			isa = XCBuildConfiguration;
			baseConfigurationReference = AEB2FDE786FE91FCF4A0C4FE /* Pods-SumCalculatorTests.release.xcconfig */;
			buildSettings = {
				ALWAYS_EMBED_SWIFT_STANDARD_LIBRARIES = YES;
				BUNDLE_LOADER = "$(TEST_HOST)";
				CODE_SIGN_STYLE = Automatic;
				DEVELOPMENT_TEAM = 58F4SK879Y;
				INFOPLIST_FILE = SumCalculatorTests/Info.plist;
				IPHONEOS_DEPLOYMENT_TARGET = 14.1;
				LD_RUNPATH_SEARCH_PATHS = (
					"$(inherited)",
					"@executable_path/Frameworks",
					"@loader_path/Frameworks",
				);
				PRODUCT_BUNDLE_IDENTIFIER = terry.SumCalculatorTests;
				PRODUCT_NAME = "$(TARGET_NAME)";
				SWIFT_VERSION = 5.0;
				TARGETED_DEVICE_FAMILY = "1,2";
				TEST_HOST = "$(BUILT_PRODUCTS_DIR)/SumCalculator.app/SumCalculator";
			};
			name = Release;
		};
		0947F9652557D70C00CA3C2D /* Debug */ = {
			isa = XCBuildConfiguration;
			baseConfigurationReference = 584EE139AD16FD3A8B8B174C /* Pods-SumCalculator-SumCalculatorUITests.debug.xcconfig */;
			buildSettings = {
				ALWAYS_EMBED_SWIFT_STANDARD_LIBRARIES = YES;
				CODE_SIGN_STYLE = Automatic;
				DEVELOPMENT_TEAM = 58F4SK879Y;
				INFOPLIST_FILE = SumCalculatorUITests/Info.plist;
				LD_RUNPATH_SEARCH_PATHS = (
					"$(inherited)",
					"@executable_path/Frameworks",
					"@loader_path/Frameworks",
				);
				PRODUCT_BUNDLE_IDENTIFIER = terry.SumCalculatorUITests;
				PRODUCT_NAME = "$(TARGET_NAME)";
				SWIFT_VERSION = 5.0;
				TARGETED_DEVICE_FAMILY = "1,2";
				TEST_TARGET_NAME = SumCalculator;
			};
			name = Debug;
		};
		0947F9662557D70C00CA3C2D /* Release */ = {
			isa = XCBuildConfiguration;
			baseConfigurationReference = CFFE368D0D385DC17575E122 /* Pods-SumCalculator-SumCalculatorUITests.release.xcconfig */;
			buildSettings = {
				ALWAYS_EMBED_SWIFT_STANDARD_LIBRARIES = YES;
				CODE_SIGN_STYLE = Automatic;
				DEVELOPMENT_TEAM = 58F4SK879Y;
				INFOPLIST_FILE = SumCalculatorUITests/Info.plist;
				LD_RUNPATH_SEARCH_PATHS = (
					"$(inherited)",
					"@executable_path/Frameworks",
					"@loader_path/Frameworks",
				);
				PRODUCT_BUNDLE_IDENTIFIER = terry.SumCalculatorUITests;
				PRODUCT_NAME = "$(TARGET_NAME)";
				SWIFT_VERSION = 5.0;
				TARGETED_DEVICE_FAMILY = "1,2";
				TEST_TARGET_NAME = SumCalculator;
			};
			name = Release;
		};
/* End XCBuildConfiguration section */

/* Begin XCConfigurationList section */
		0947F92F2557D70A00CA3C2D /* Build configuration list for PBXProject "SumCalculator" */ = {
			isa = XCConfigurationList;
			buildConfigurations = (
				0947F95C2557D70C00CA3C2D /* Debug */,
				0947F95D2557D70C00CA3C2D /* Release */,
			);
			defaultConfigurationIsVisible = 0;
			defaultConfigurationName = Release;
		};
		0947F95E2557D70C00CA3C2D /* Build configuration list for PBXNativeTarget "SumCalculator" */ = {
			isa = XCConfigurationList;
			buildConfigurations = (
				0947F95F2557D70C00CA3C2D /* Debug */,
				0947F9602557D70C00CA3C2D /* Release */,
			);
			defaultConfigurationIsVisible = 0;
			defaultConfigurationName = Release;
		};
		0947F9612557D70C00CA3C2D /* Build configuration list for PBXNativeTarget "SumCalculatorTests" */ = {
			isa = XCConfigurationList;
			buildConfigurations = (
				0947F9622557D70C00CA3C2D /* Debug */,
				0947F9632557D70C00CA3C2D /* Release */,
			);
			defaultConfigurationIsVisible = 0;
			defaultConfigurationName = Release;
		};
		0947F9642557D70C00CA3C2D /* Build configuration list for PBXNativeTarget "SumCalculatorUITests" */ = {
			isa = XCConfigurationList;
			buildConfigurations = (
				0947F9652557D70C00CA3C2D /* Debug */,
				0947F9662557D70C00CA3C2D /* Release */,
			);
			defaultConfigurationIsVisible = 0;
			defaultConfigurationName = Release;
		};
/* End XCConfigurationList section */
	};
	rootObject = 0947F92C2557D70A00CA3C2D /* Project object */;
}
